
Microsoft Visual Studio Solution File, Format Version 10.00
# Visual Studio 2008
Project("{FAE04EC0-301F-11D3-BF4B-00C04F79EFBC}") = "ConfigurationTool", "ConfigurationTool\ConfigurationTool.csproj", "{463E0B20-9F13-4EE1-A600-10F6746F0E98}"
EndProject
Project("{FAE04EC0-301F-11D3-BF4B-00C04F79EFBC}") = "Common", "Common\Common.csproj", "{2C8B96DB-102C-47F7-9792-C61AD0280600}"
EndProject
Project("{8BC9CEB8-8B4A-11D0-8D11-00A0C91BC942}") = "Filters", "Filters\Filters.vcproj", "{63339A97-5998-46F3-B454-1DCCF103CF98}"
EndProject
Project("{FAE04EC0-301F-11D3-BF4B-00C04F79EFBC}") = "Controls", "Controls\Controls.csproj", "{7417BC83-BF72-4296-9E61-4AFA69128469}"
EndProject
Project("{FAE04EC0-301F-11D3-BF4B-00C04F79EFBC}") = "SampleApp", "SampleApp\SampleApp.csproj", "{10B5B43C-BF27-4D89-BCEF-9F61D882D16B}"
EndProject
Project("{FAE04EC0-301F-11D3-BF4B-00C04F79EFBC}") = "Providers", "Providers\Providers.csproj", "{11DA2673-7432-4EC4-8B09-F95D6BE4043B}"
EndProject
Project("{2150E333-8FDC-42A3-9474-1A3956D46DE8}") = "Solution Items", "Solution Items", "{01AFEF00-946D-4029-B3F9-38D148A4E669}"
	ProjectSection(SolutionItems) = preProject
		MultitouchStrongKey.snk = MultitouchStrongKey.snk
	EndProjectSection
EndProject
Project("{FAE04EC0-301F-11D3-BF4B-00C04F79EFBC}") = "Framework", "Framework\Framework.csproj", "{5E6EC81C-69AE-4D33-B425-360A589BE202}"
EndProject
Project("{FAE04EC0-301F-11D3-BF4B-00C04F79EFBC}") = "ManagedWinapi", "ManagedWinapi\ManagedWinapi.csproj", "{FBD3EC1E-47E2-4D2D-81C9-D6506125A09A}"
EndProject
Project("{8BC9CEB8-8B4A-11D0-8D11-00A0C91BC942}") = "ManagedWinapiNativeHelper", "ManagedWinapiNativeHelper\ManagedWinapiNativeHelper.vcproj", "{B23C95E9-F3E6-4B0B-A3F1-711F0EDDD35C}"
EndProject
Project("{FAE04EC0-301F-11D3-BF4B-00C04F79EFBC}") = "Logic", "Logic\Logic.csproj", "{AABFCB64-B667-4151-9E14-D5E604A7A32F}"
EndProject
Project("{FAE04EC0-301F-11D3-BF4B-00C04F79EFBC}") = "PhysicsLibrary", "PhysicsLibrary\PhysicsLibrary.csproj", "{526B225A-63A8-4EC1-9F19-BB4AF6394772}"
EndProject
Project("{2150E333-8FDC-42A3-9474-1A3956D46DE8}") = "PhysicsEngine", "PhysicsEngine", "{8551C014-7F9C-49D5-8655-F26A87F0E640}"
EndProject
Project("{FAE04EC0-301F-11D3-BF4B-00C04F79EFBC}") = "AdvanceMath", "PhysicsEngine\AdvanceMath\AdvanceMath.csproj", "{A979FDB4-7AB7-444E-9632-77D69D22D743}"
EndProject
Project("{FAE04EC0-301F-11D3-BF4B-00C04F79EFBC}") = "Physics2DDotNet", "PhysicsEngine\Physics2DDotNet\Physics2DDotNet.csproj", "{C024C0B1-401B-4644-8918-D87C28716898}"
EndProject
Global
	GlobalSection(TeamFoundationVersionControl) = preSolution
		SccNumberOfProjects = 14
		SccEnterpriseProvider = {4CA58AB2-18FA-4F8D-95D4-32DDF27D184C}
		SccTeamFoundationServer = https://tfs06.codeplex.com/
		SccLocalPath0 = .
		SccProjectUniqueName1 = Common\\Common.csproj
		SccProjectName1 = Common
		SccLocalPath1 = Common
		SccProjectUniqueName2 = ConfigurationTool\\ConfigurationTool.csproj
		SccProjectName2 = ConfigurationTool
		SccLocalPath2 = ConfigurationTool
		SccProjectUniqueName3 = Controls\\Controls.csproj
		SccProjectName3 = Controls
		SccLocalPath3 = Controls
		SccProjectUniqueName4 = Filters\\Filters.vcproj
		SccProjectName4 = Filters
		SccLocalPath4 = Filters
		SccProjectUniqueName5 = Framework\\Framework.csproj
		SccProjectName5 = Framework
		SccLocalPath5 = Framework
		SccProjectUniqueName6 = Logic\\Logic.csproj
		SccProjectName6 = Logic
		SccLocalPath6 = Logic
		SccProjectUniqueName7 = ManagedWinapi\\ManagedWinapi.csproj
		SccProjectName7 = ManagedWinapi
		SccLocalPath7 = ManagedWinapi
		SccProjectUniqueName8 = ManagedWinapiNativeHelper\\ManagedWinapiNativeHelper.vcproj
		SccProjectName8 = ManagedWinapiNativeHelper
		SccLocalPath8 = ManagedWinapiNativeHelper
		SccProjectUniqueName9 = PhysicsEngine\\AdvanceMath\\AdvanceMath.csproj
		SccProjectTopLevelParentUniqueName9 = Danilins.Multitouch.WPF.sln
		SccProjectName9 = PhysicsEngine/AdvanceMath
		SccLocalPath9 = PhysicsEngine\\AdvanceMath
		SccProjectUniqueName10 = PhysicsEngine\\Physics2DDotNet\\Physics2DDotNet.csproj
		SccProjectTopLevelParentUniqueName10 = Danilins.Multitouch.WPF.sln
		SccProjectName10 = PhysicsEngine/Physics2DDotNet
		SccLocalPath10 = PhysicsEngine\\Physics2DDotNet
		SccProjectUniqueName11 = PhysicsLibrary\\PhysicsLibrary.csproj
		SccProjectName11 = PhysicsLibrary
		SccLocalPath11 = PhysicsLibrary
		SccProjectUniqueName12 = Providers\\Providers.csproj
		SccProjectName12 = Providers
		SccLocalPath12 = Providers
		SccProjectUniqueName13 = SampleApp\\SampleApp.csproj
		SccProjectName13 = SampleApp
		SccLocalPath13 = SampleApp
	EndGlobalSection
	GlobalSection(SolutionConfigurationPlatforms) = preSolution
		Debug|Any CPU = Debug|Any CPU
		Debug|Mixed Platforms = Debug|Mixed Platforms
		Debug|Win32 = Debug|Win32
		Documentation|Any CPU = Documentation|Any CPU
		Documentation|Mixed Platforms = Documentation|Mixed Platforms
		Documentation|Win32 = Documentation|Win32
		Release|Any CPU = Release|Any CPU
		Release|Mixed Platforms = Release|Mixed Platforms
		Release|Win32 = Release|Win32
	EndGlobalSection
	GlobalSection(ProjectConfigurationPlatforms) = postSolution
		{463E0B20-9F13-4EE1-A600-10F6746F0E98}.Debug|Any CPU.ActiveCfg = Debug|Any CPU
		{463E0B20-9F13-4EE1-A600-10F6746F0E98}.Debug|Any CPU.Build.0 = Debug|Any CPU
		{463E0B20-9F13-4EE1-A600-10F6746F0E98}.Debug|Mixed Platforms.ActiveCfg = Debug|Any CPU
		{463E0B20-9F13-4EE1-A600-10F6746F0E98}.Debug|Mixed Platforms.Build.0 = Debug|Any CPU
		{463E0B20-9F13-4EE1-A600-10F6746F0E98}.Debug|Win32.ActiveCfg = Debug|Any CPU
		{463E0B20-9F13-4EE1-A600-10F6746F0E98}.Documentation|Any CPU.ActiveCfg = Debug|Any CPU
		{463E0B20-9F13-4EE1-A600-10F6746F0E98}.Documentation|Any CPU.Build.0 = Debug|Any CPU
		{463E0B20-9F13-4EE1-A600-10F6746F0E98}.Documentation|Mixed Platforms.ActiveCfg = Debug|Any CPU
		{463E0B20-9F13-4EE1-A600-10F6746F0E98}.Documentation|Mixed Platforms.Build.0 = Debug|Any CPU
		{463E0B20-9F13-4EE1-A600-10F6746F0E98}.Documentation|Win32.ActiveCfg = Debug|Any CPU
		{463E0B20-9F13-4EE1-A600-10F6746F0E98}.Release|Any CPU.ActiveCfg = Release|Any CPU
		{463E0B20-9F13-4EE1-A600-10F6746F0E98}.Release|Any CPU.Build.0 = Release|Any CPU
		{463E0B20-9F13-4EE1-A600-10F6746F0E98}.Release|Mixed Platforms.ActiveCfg = Release|Any CPU
		{463E0B20-9F13-4EE1-A600-10F6746F0E98}.Release|Mixed Platforms.Build.0 = Release|Any CPU
		{463E0B20-9F13-4EE1-A600-10F6746F0E98}.Release|Win32.ActiveCfg = Release|Any CPU
		{2C8B96DB-102C-47F7-9792-C61AD0280600}.Debug|Any CPU.ActiveCfg = Debug|Any CPU
		{2C8B96DB-102C-47F7-9792-C61AD0280600}.Debug|Any CPU.Build.0 = Debug|Any CPU
		{2C8B96DB-102C-47F7-9792-C61AD0280600}.Debug|Mixed Platforms.ActiveCfg = Debug|Any CPU
		{2C8B96DB-102C-47F7-9792-C61AD0280600}.Debug|Mixed Platforms.Build.0 = Debug|Any CPU
		{2C8B96DB-102C-47F7-9792-C61AD0280600}.Debug|Win32.ActiveCfg = Debug|Any CPU
		{2C8B96DB-102C-47F7-9792-C61AD0280600}.Documentation|Any CPU.ActiveCfg = Debug|Any CPU
		{2C8B96DB-102C-47F7-9792-C61AD0280600}.Documentation|Any CPU.Build.0 = Debug|Any CPU
		{2C8B96DB-102C-47F7-9792-C61AD0280600}.Documentation|Mixed Platforms.ActiveCfg = Debug|Any CPU
		{2C8B96DB-102C-47F7-9792-C61AD0280600}.Documentation|Mixed Platforms.Build.0 = Debug|Any CPU
		{2C8B96DB-102C-47F7-9792-C61AD0280600}.Documentation|Win32.ActiveCfg = Debug|Any CPU
		{2C8B96DB-102C-47F7-9792-C61AD0280600}.Release|Any CPU.ActiveCfg = Release|Any CPU
		{2C8B96DB-102C-47F7-9792-C61AD0280600}.Release|Any CPU.Build.0 = Release|Any CPU
		{2C8B96DB-102C-47F7-9792-C61AD0280600}.Release|Mixed Platforms.ActiveCfg = Release|Any CPU
		{2C8B96DB-102C-47F7-9792-C61AD0280600}.Release|Mixed Platforms.Build.0 = Release|Any CPU
		{2C8B96DB-102C-47F7-9792-C61AD0280600}.Release|Win32.ActiveCfg = Release|Any CPU
		{63339A97-5998-46F3-B454-1DCCF103CF98}.Debug|Any CPU.ActiveCfg = Debug|Win32
		{63339A97-5998-46F3-B454-1DCCF103CF98}.Debug|Mixed Platforms.ActiveCfg = Debug|Win32
		{63339A97-5998-46F3-B454-1DCCF103CF98}.Debug|Mixed Platforms.Build.0 = Debug|Win32
		{63339A97-5998-46F3-B454-1DCCF103CF98}.Debug|Win32.ActiveCfg = Debug|Win32
		{63339A97-5998-46F3-B454-1DCCF103CF98}.Debug|Win32.Build.0 = Debug|Win32
		{63339A97-5998-46F3-B454-1DCCF103CF98}.Documentation|Any CPU.ActiveCfg = Debug|Win32
		{63339A97-5998-46F3-B454-1DCCF103CF98}.Documentation|Mixed Platforms.ActiveCfg = Debug|Win32
		{63339A97-5998-46F3-B454-1DCCF103CF98}.Documentation|Mixed Platforms.Build.0 = Debug|Win32
		{63339A97-5998-46F3-B454-1DCCF103CF98}.Documentation|Win32.ActiveCfg = Debug|Win32
		{63339A97-5998-46F3-B454-1DCCF103CF98}.Documentation|Win32.Build.0 = Debug|Win32
		{63339A97-5998-46F3-B454-1DCCF103CF98}.Release|Any CPU.ActiveCfg = Release|Win32
		{63339A97-5998-46F3-B454-1DCCF103CF98}.Release|Mixed Platforms.ActiveCfg = Release|Win32
		{63339A97-5998-46F3-B454-1DCCF103CF98}.Release|Mixed Platforms.Build.0 = Release|Win32
		{63339A97-5998-46F3-B454-1DCCF103CF98}.Release|Win32.ActiveCfg = Release|Win32
		{63339A97-5998-46F3-B454-1DCCF103CF98}.Release|Win32.Build.0 = Release|Win32
		{7417BC83-BF72-4296-9E61-4AFA69128469}.Debug|Any CPU.ActiveCfg = Debug|Any CPU
		{7417BC83-BF72-4296-9E61-4AFA69128469}.Debug|Any CPU.Build.0 = Debug|Any CPU
		{7417BC83-BF72-4296-9E61-4AFA69128469}.Debug|Mixed Platforms.ActiveCfg = Debug|Any CPU
		{7417BC83-BF72-4296-9E61-4AFA69128469}.Debug|Mixed Platforms.Build.0 = Debug|Any CPU
		{7417BC83-BF72-4296-9E61-4AFA69128469}.Debug|Win32.ActiveCfg = Debug|Any CPU
		{7417BC83-BF72-4296-9E61-4AFA69128469}.Documentation|Any CPU.ActiveCfg = Debug|Any CPU
		{7417BC83-BF72-4296-9E61-4AFA69128469}.Documentation|Any CPU.Build.0 = Debug|Any CPU
		{7417BC83-BF72-4296-9E61-4AFA69128469}.Documentation|Mixed Platforms.ActiveCfg = Debug|Any CPU
		{7417BC83-BF72-4296-9E61-4AFA69128469}.Documentation|Mixed Platforms.Build.0 = Debug|Any CPU
		{7417BC83-BF72-4296-9E61-4AFA69128469}.Documentation|Win32.ActiveCfg = Debug|Any CPU
		{7417BC83-BF72-4296-9E61-4AFA69128469}.Release|Any CPU.ActiveCfg = Release|Any CPU
		{7417BC83-BF72-4296-9E61-4AFA69128469}.Release|Any CPU.Build.0 = Release|Any CPU
		{7417BC83-BF72-4296-9E61-4AFA69128469}.Release|Mixed Platforms.ActiveCfg = Release|Any CPU
		{7417BC83-BF72-4296-9E61-4AFA69128469}.Release|Mixed Platforms.Build.0 = Release|Any CPU
		{7417BC83-BF72-4296-9E61-4AFA69128469}.Release|Win32.ActiveCfg = Release|Any CPU
		{10B5B43C-BF27-4D89-BCEF-9F61D882D16B}.Debug|Any CPU.ActiveCfg = Debug|Any CPU
		{10B5B43C-BF27-4D89-BCEF-9F61D882D16B}.Debug|Any CPU.Build.0 = Debug|Any CPU
		{10B5B43C-BF27-4D89-BCEF-9F61D882D16B}.Debug|Mixed Platforms.ActiveCfg = Debug|Any CPU
		{10B5B43C-BF27-4D89-BCEF-9F61D882D16B}.Debug|Mixed Platforms.Build.0 = Debug|Any CPU
		{10B5B43C-BF27-4D89-BCEF-9F61D882D16B}.Debug|Win32.ActiveCfg = Debug|Any CPU
		{10B5B43C-BF27-4D89-BCEF-9F61D882D16B}.Documentation|Any CPU.ActiveCfg = Debug|Any CPU
		{10B5B43C-BF27-4D89-BCEF-9F61D882D16B}.Documentation|Any CPU.Build.0 = Debug|Any CPU
		{10B5B43C-BF27-4D89-BCEF-9F61D882D16B}.Documentation|Mixed Platforms.ActiveCfg = Debug|Any CPU
		{10B5B43C-BF27-4D89-BCEF-9F61D882D16B}.Documentation|Mixed Platforms.Build.0 = Debug|Any CPU
		{10B5B43C-BF27-4D89-BCEF-9F61D882D16B}.Documentation|Win32.ActiveCfg = Debug|Any CPU
		{10B5B43C-BF27-4D89-BCEF-9F61D882D16B}.Release|Any CPU.ActiveCfg = Release|Any CPU
		{10B5B43C-BF27-4D89-BCEF-9F61D882D16B}.Release|Any CPU.Build.0 = Release|Any CPU
		{10B5B43C-BF27-4D89-BCEF-9F61D882D16B}.Release|Mixed Platforms.ActiveCfg = Release|Any CPU
		{10B5B43C-BF27-4D89-BCEF-9F61D882D16B}.Release|Mixed Platforms.Build.0 = Release|Any CPU
		{10B5B43C-BF27-4D89-BCEF-9F61D882D16B}.Release|Win32.ActiveCfg = Release|Any CPU
		{11DA2673-7432-4EC4-8B09-F95D6BE4043B}.Debug|Any CPU.ActiveCfg = Debug|Any CPU
		{11DA2673-7432-4EC4-8B09-F95D6BE4043B}.Debug|Any CPU.Build.0 = Debug|Any CPU
		{11DA2673-7432-4EC4-8B09-F95D6BE4043B}.Debug|Mixed Platforms.ActiveCfg = Debug|Any CPU
		{11DA2673-7432-4EC4-8B09-F95D6BE4043B}.Debug|Mixed Platforms.Build.0 = Debug|Any CPU
		{11DA2673-7432-4EC4-8B09-F95D6BE4043B}.Debug|Win32.ActiveCfg = Debug|Any CPU
		{11DA2673-7432-4EC4-8B09-F95D6BE4043B}.Documentation|Any CPU.ActiveCfg = Debug|Any CPU
		{11DA2673-7432-4EC4-8B09-F95D6BE4043B}.Documentation|Any CPU.Build.0 = Debug|Any CPU
		{11DA2673-7432-4EC4-8B09-F95D6BE4043B}.Documentation|Mixed Platforms.ActiveCfg = Debug|Any CPU
		{11DA2673-7432-4EC4-8B09-F95D6BE4043B}.Documentation|Mixed Platforms.Build.0 = Debug|Any CPU
		{11DA2673-7432-4EC4-8B09-F95D6BE4043B}.Documentation|Win32.ActiveCfg = Debug|Any CPU
		{11DA2673-7432-4EC4-8B09-F95D6BE4043B}.Release|Any CPU.ActiveCfg = Release|Any CPU
		{11DA2673-7432-4EC4-8B09-F95D6BE4043B}.Release|Any CPU.Build.0 = Release|Any CPU
		{11DA2673-7432-4EC4-8B09-F95D6BE4043B}.Release|Mixed Platforms.ActiveCfg = Release|Any CPU
		{11DA2673-7432-4EC4-8B09-F95D6BE4043B}.Release|Mixed Platforms.Build.0 = Release|Any CPU
		{11DA2673-7432-4EC4-8B09-F95D6BE4043B}.Release|Win32.ActiveCfg = Release|Any CPU
		{5E6EC81C-69AE-4D33-B425-360A589BE202}.Debug|Any CPU.ActiveCfg = Debug|Any CPU
		{5E6EC81C-69AE-4D33-B425-360A589BE202}.Debug|Any CPU.Build.0 = Debug|Any CPU
		{5E6EC81C-69AE-4D33-B425-360A589BE202}.Debug|Mixed Platforms.ActiveCfg = Debug|Any CPU
		{5E6EC81C-69AE-4D33-B425-360A589BE202}.Debug|Mixed Platforms.Build.0 = Debug|Any CPU
		{5E6EC81C-69AE-4D33-B425-360A589BE202}.Debug|Win32.ActiveCfg = Debug|Any CPU
		{5E6EC81C-69AE-4D33-B425-360A589BE202}.Documentation|Any CPU.ActiveCfg = Debug|Any CPU
		{5E6EC81C-69AE-4D33-B425-360A589BE202}.Documentation|Any CPU.Build.0 = Debug|Any CPU
		{5E6EC81C-69AE-4D33-B425-360A589BE202}.Documentation|Mixed Platforms.ActiveCfg = Debug|Any CPU
		{5E6EC81C-69AE-4D33-B425-360A589BE202}.Documentation|Mixed Platforms.Build.0 = Debug|Any CPU
		{5E6EC81C-69AE-4D33-B425-360A589BE202}.Documentation|Win32.ActiveCfg = Debug|Any CPU
		{5E6EC81C-69AE-4D33-B425-360A589BE202}.Release|Any CPU.ActiveCfg = Release|Any CPU
		{5E6EC81C-69AE-4D33-B425-360A589BE202}.Release|Any CPU.Build.0 = Release|Any CPU
		{5E6EC81C-69AE-4D33-B425-360A589BE202}.Release|Mixed Platforms.ActiveCfg = Release|Any CPU
		{5E6EC81C-69AE-4D33-B425-360A589BE202}.Release|Mixed Platforms.Build.0 = Release|Any CPU
		{5E6EC81C-69AE-4D33-B425-360A589BE202}.Release|Win32.ActiveCfg = Release|Any CPU
		{FBD3EC1E-47E2-4D2D-81C9-D6506125A09A}.Debug|Any CPU.ActiveCfg = Debug|Any CPU
		{FBD3EC1E-47E2-4D2D-81C9-D6506125A09A}.Debug|Any CPU.Build.0 = Debug|Any CPU
		{FBD3EC1E-47E2-4D2D-81C9-D6506125A09A}.Debug|Mixed Platforms.ActiveCfg = Debug|Any CPU
		{FBD3EC1E-47E2-4D2D-81C9-D6506125A09A}.Debug|Mixed Platforms.Build.0 = Debug|Any CPU
		{FBD3EC1E-47E2-4D2D-81C9-D6506125A09A}.Debug|Win32.ActiveCfg = Debug|Any CPU
		{FBD3EC1E-47E2-4D2D-81C9-D6506125A09A}.Documentation|Any CPU.ActiveCfg = Debug|Any CPU
		{FBD3EC1E-47E2-4D2D-81C9-D6506125A09A}.Documentation|Any CPU.Build.0 = Debug|Any CPU
		{FBD3EC1E-47E2-4D2D-81C9-D6506125A09A}.Documentation|Mixed Platforms.ActiveCfg = Debug|Any CPU
		{FBD3EC1E-47E2-4D2D-81C9-D6506125A09A}.Documentation|Mixed Platforms.Build.0 = Debug|Any CPU
		{FBD3EC1E-47E2-4D2D-81C9-D6506125A09A}.Documentation|Win32.ActiveCfg = Debug|Any CPU
		{FBD3EC1E-47E2-4D2D-81C9-D6506125A09A}.Release|Any CPU.ActiveCfg = Release|Any CPU
		{FBD3EC1E-47E2-4D2D-81C9-D6506125A09A}.Release|Any CPU.Build.0 = Release|Any CPU
		{FBD3EC1E-47E2-4D2D-81C9-D6506125A09A}.Release|Mixed Platforms.ActiveCfg = Release|Any CPU
		{FBD3EC1E-47E2-4D2D-81C9-D6506125A09A}.Release|Mixed Platforms.Build.0 = Release|Any CPU
		{FBD3EC1E-47E2-4D2D-81C9-D6506125A09A}.Release|Win32.ActiveCfg = Release|Any CPU
		{B23C95E9-F3E6-4B0B-A3F1-711F0EDDD35C}.Debug|Any CPU.ActiveCfg = Debug|Win32
		{B23C95E9-F3E6-4B0B-A3F1-711F0EDDD35C}.Debug|Mixed Platforms.ActiveCfg = Debug|Win32
		{B23C95E9-F3E6-4B0B-A3F1-711F0EDDD35C}.Debug|Mixed Platforms.Build.0 = Debug|Win32
		{B23C95E9-F3E6-4B0B-A3F1-711F0EDDD35C}.Debug|Win32.ActiveCfg = Debug|Win32
		{B23C95E9-F3E6-4B0B-A3F1-711F0EDDD35C}.Debug|Win32.Build.0 = Debug|Win32
		{B23C95E9-F3E6-4B0B-A3F1-711F0EDDD35C}.Documentation|Any CPU.ActiveCfg = Debug|Win32
		{B23C95E9-F3E6-4B0B-A3F1-711F0EDDD35C}.Documentation|Mixed Platforms.ActiveCfg = Debug|Win32
		{B23C95E9-F3E6-4B0B-A3F1-711F0EDDD35C}.Documentation|Mixed Platforms.Build.0 = Debug|Win32
		{B23C95E9-F3E6-4B0B-A3F1-711F0EDDD35C}.Documentation|Win32.ActiveCfg = Debug|Win32
		{B23C95E9-F3E6-4B0B-A3F1-711F0EDDD35C}.Documentation|Win32.Build.0 = Debug|Win32
		{B23C95E9-F3E6-4B0B-A3F1-711F0EDDD35C}.Release|Any CPU.ActiveCfg = Release|Win32
		{B23C95E9-F3E6-4B0B-A3F1-711F0EDDD35C}.Release|Mixed Platforms.ActiveCfg = Release|Win32
		{B23C95E9-F3E6-4B0B-A3F1-711F0EDDD35C}.Release|Mixed Platforms.Build.0 = Release|Win32
		{B23C95E9-F3E6-4B0B-A3F1-711F0EDDD35C}.Release|Win32.ActiveCfg = Release|Win32
		{B23C95E9-F3E6-4B0B-A3F1-711F0EDDD35C}.Release|Win32.Build.0 = Release|Win32
		{AABFCB64-B667-4151-9E14-D5E604A7A32F}.Debug|Any CPU.ActiveCfg = Debug|Any CPU
		{AABFCB64-B667-4151-9E14-D5E604A7A32F}.Debug|Any CPU.Build.0 = Debug|Any CPU
		{AABFCB64-B667-4151-9E14-D5E604A7A32F}.Debug|Mixed Platforms.ActiveCfg = Debug|Any CPU
		{AABFCB64-B667-4151-9E14-D5E604A7A32F}.Debug|Mixed Platforms.Build.0 = Debug|Any CPU
		{AABFCB64-B667-4151-9E14-D5E604A7A32F}.Debug|Win32.ActiveCfg = Debug|Any CPU
		{AABFCB64-B667-4151-9E14-D5E604A7A32F}.Documentation|Any CPU.ActiveCfg = Debug|Any CPU
		{AABFCB64-B667-4151-9E14-D5E604A7A32F}.Documentation|Any CPU.Build.0 = Debug|Any CPU
		{AABFCB64-B667-4151-9E14-D5E604A7A32F}.Documentation|Mixed Platforms.ActiveCfg = Debug|Any CPU
		{AABFCB64-B667-4151-9E14-D5E604A7A32F}.Documentation|Mixed Platforms.Build.0 = Debug|Any CPU
		{AABFCB64-B667-4151-9E14-D5E604A7A32F}.Documentation|Win32.ActiveCfg = Debug|Any CPU
		{AABFCB64-B667-4151-9E14-D5E604A7A32F}.Release|Any CPU.ActiveCfg = Release|Any CPU
		{AABFCB64-B667-4151-9E14-D5E604A7A32F}.Release|Any CPU.Build.0 = Release|Any CPU
		{AABFCB64-B667-4151-9E14-D5E604A7A32F}.Release|Mixed Platforms.ActiveCfg = Release|Any CPU
		{AABFCB64-B667-4151-9E14-D5E604A7A32F}.Release|Mixed Platforms.Build.0 = Release|Any CPU
		{AABFCB64-B667-4151-9E14-D5E604A7A32F}.Release|Win32.ActiveCfg = Release|Any CPU
		{526B225A-63A8-4EC1-9F19-BB4AF6394772}.Debug|Any CPU.ActiveCfg = Debug|Any CPU
		{526B225A-63A8-4EC1-9F19-BB4AF6394772}.Debug|Any CPU.Build.0 = Debug|Any CPU
		{526B225A-63A8-4EC1-9F19-BB4AF6394772}.Debug|Mixed Platforms.ActiveCfg = Debug|Any CPU
		{526B225A-63A8-4EC1-9F19-BB4AF6394772}.Debug|Mixed Platforms.Build.0 = Debug|Any CPU
		{526B225A-63A8-4EC1-9F19-BB4AF6394772}.Debug|Win32.ActiveCfg = Debug|Any CPU
		{526B225A-63A8-4EC1-9F19-BB4AF6394772}.Documentation|Any CPU.ActiveCfg = Debug|Any CPU
		{526B225A-63A8-4EC1-9F19-BB4AF6394772}.Documentation|Any CPU.Build.0 = Debug|Any CPU
		{526B225A-63A8-4EC1-9F19-BB4AF6394772}.Documentation|Mixed Platforms.ActiveCfg = Debug|Any CPU
		{526B225A-63A8-4EC1-9F19-BB4AF6394772}.Documentation|Mixed Platforms.Build.0 = Debug|Any CPU
		{526B225A-63A8-4EC1-9F19-BB4AF6394772}.Documentation|Win32.ActiveCfg = Debug|Any CPU
		{526B225A-63A8-4EC1-9F19-BB4AF6394772}.Release|Any CPU.ActiveCfg = Release|Any CPU
		{526B225A-63A8-4EC1-9F19-BB4AF6394772}.Release|Any CPU.Build.0 = Release|Any CPU
		{526B225A-63A8-4EC1-9F19-BB4AF6394772}.Release|Mixed Platforms.ActiveCfg = Release|Any CPU
		{526B225A-63A8-4EC1-9F19-BB4AF6394772}.Release|Mixed Platforms.Build.0 = Release|Any CPU
		{526B225A-63A8-4EC1-9F19-BB4AF6394772}.Release|Win32.ActiveCfg = Release|Any CPU
		{A979FDB4-7AB7-444E-9632-77D69D22D743}.Debug|Any CPU.ActiveCfg = Debug|Any CPU
		{A979FDB4-7AB7-444E-9632-77D69D22D743}.Debug|Any CPU.Build.0 = Debug|Any CPU
		{A979FDB4-7AB7-444E-9632-77D69D22D743}.Debug|Mixed Platforms.ActiveCfg = Debug|Any CPU
		{A979FDB4-7AB7-444E-9632-77D69D22D743}.Debug|Mixed Platforms.Build.0 = Debug|Any CPU
		{A979FDB4-7AB7-444E-9632-77D69D22D743}.Debug|Win32.ActiveCfg = Debug|Any CPU
		{A979FDB4-7AB7-444E-9632-77D69D22D743}.Documentation|Any CPU.ActiveCfg = Debug|Any CPU
		{A979FDB4-7AB7-444E-9632-77D69D22D743}.Documentation|Any CPU.Build.0 = Debug|Any CPU
		{A979FDB4-7AB7-444E-9632-77D69D22D743}.Documentation|Mixed Platforms.ActiveCfg = Debug|Any CPU
		{A979FDB4-7AB7-444E-9632-77D69D22D743}.Documentation|Mixed Platforms.Build.0 = Debug|Any CPU
		{A979FDB4-7AB7-444E-9632-77D69D22D743}.Documentation|Win32.ActiveCfg = Debug|Any CPU
		{A979FDB4-7AB7-444E-9632-77D69D22D743}.Release|Any CPU.ActiveCfg = Release|Any CPU
		{A979FDB4-7AB7-444E-9632-77D69D22D743}.Release|Any CPU.Build.0 = Release|Any CPU
		{A979FDB4-7AB7-444E-9632-77D69D22D743}.Release|Mixed Platforms.ActiveCfg = Release|Any CPU
		{A979FDB4-7AB7-444E-9632-77D69D22D743}.Release|Mixed Platforms.Build.0 = Release|Any CPU
		{A979FDB4-7AB7-444E-9632-77D69D22D743}.Release|Win32.ActiveCfg = Release|Any CPU
		{C024C0B1-401B-4644-8918-D87C28716898}.Debug|Any CPU.ActiveCfg = Debug|Any CPU
		{C024C0B1-401B-4644-8918-D87C28716898}.Debug|Any CPU.Build.0 = Debug|Any CPU
		{C024C0B1-401B-4644-8918-D87C28716898}.Debug|Mixed Platforms.ActiveCfg = Debug|Any CPU
		{C024C0B1-401B-4644-8918-D87C28716898}.Debug|Mixed Platforms.Build.0 = Debug|Any CPU
		{C024C0B1-401B-4644-8918-D87C28716898}.Debug|Win32.ActiveCfg = Debug|Any CPU
		{C024C0B1-401B-4644-8918-D87C28716898}.Documentation|Any CPU.ActiveCfg = Debug|Any CPU
		{C024C0B1-401B-4644-8918-D87C28716898}.Documentation|Any CPU.Build.0 = Debug|Any CPU
		{C024C0B1-401B-4644-8918-D87C28716898}.Documentation|Mixed Platforms.ActiveCfg = Debug|Any CPU
		{C024C0B1-401B-4644-8918-D87C28716898}.Documentation|Mixed Platforms.Build.0 = Debug|Any CPU
		{C024C0B1-401B-4644-8918-D87C28716898}.Documentation|Win32.ActiveCfg = Debug|Any CPU
		{C024C0B1-401B-4644-8918-D87C28716898}.Release|Any CPU.ActiveCfg = Release|Any CPU
		{C024C0B1-401B-4644-8918-D87C28716898}.Release|Any CPU.Build.0 = Release|Any CPU
		{C024C0B1-401B-4644-8918-D87C28716898}.Release|Mixed Platforms.ActiveCfg = Release|Any CPU
		{C024C0B1-401B-4644-8918-D87C28716898}.Release|Mixed Platforms.Build.0 = Release|Any CPU
		{C024C0B1-401B-4644-8918-D87C28716898}.Release|Win32.ActiveCfg = Release|Any CPU
	EndGlobalSection
	GlobalSection(SolutionProperties) = preSolution
		HideSolutionNode = FALSE
	EndGlobalSection
	GlobalSection(NestedProjects) = preSolution
		{A979FDB4-7AB7-444E-9632-77D69D22D743} = {8551C014-7F9C-49D5-8655-F26A87F0E640}
		{C024C0B1-401B-4644-8918-D87C28716898} = {8551C014-7F9C-49D5-8655-F26A87F0E640}
	EndGlobalSection
EndGlobal
