
Microsoft Visual Studio Solution File, Format Version 10.00
# Visual Studio 2008
Project("{FAE04EC0-301F-11D3-BF4B-00C04F79EFBC}") = "Multitouch.Contracts", "Multitouch.Contracts\Multitouch.Contracts.csproj", "{741BC9A8-EFDE-4BA7-8F91-DC9B4F548A20}"
EndProject
Project("{FAE04EC0-301F-11D3-BF4B-00C04F79EFBC}") = "Multitouch.AddInSideAdapter", "Multitouch.AddInSideAdapter\Multitouch.AddInSideAdapter.csproj", "{46F2513E-B206-4C52-9B90-80FDE26E597E}"
EndProject
Project("{FAE04EC0-301F-11D3-BF4B-00C04F79EFBC}") = "Multitouch.HostSideAdapter", "Multitouch.HostSideAdapter\Multitouch.HostSideAdapter.csproj", "{219CBD0A-4F75-4073-966F-16D8902EFECE}"
EndProject
Project("{FAE04EC0-301F-11D3-BF4B-00C04F79EFBC}") = "Multitouch.Views", "Multitouch.Views\Multitouch.Views.csproj", "{FAC1CAC5-B685-4854-A31D-B563CD419BB7}"
EndProject
Global
	GlobalSection(TeamFoundationVersionControl) = preSolution
		SccNumberOfProjects = 5
		SccEnterpriseProvider = {4CA58AB2-18FA-4F8D-95D4-32DDF27D184C}
		SccTeamFoundationServer = https://tfs06.codeplex.com/
		SccLocalPath0 = .
		SccProjectUniqueName1 = Multitouch.AddInSideAdapter\\Multitouch.AddInSideAdapter.csproj
		SccProjectName1 = Multitouch.AddInSideAdapter
		SccLocalPath1 = Multitouch.AddInSideAdapter
		SccProjectUniqueName2 = Multitouch.Contracts\\Multitouch.Contracts.csproj
		SccProjectName2 = Multitouch.Contracts
		SccLocalPath2 = Multitouch.Contracts
		SccProjectUniqueName3 = Multitouch.HostSideAdapter\\Multitouch.HostSideAdapter.csproj
		SccProjectName3 = Multitouch.HostSideAdapter
		SccLocalPath3 = Multitouch.HostSideAdapter
		SccProjectUniqueName4 = Multitouch.Views\\Multitouch.Views.csproj
		SccProjectName4 = Multitouch.Views
		SccLocalPath4 = Multitouch.Views
	EndGlobalSection
	GlobalSection(SolutionConfigurationPlatforms) = preSolution
		Debug|Any CPU = Debug|Any CPU
		Release|Any CPU = Release|Any CPU
	EndGlobalSection
	GlobalSection(ProjectConfigurationPlatforms) = postSolution
		{741BC9A8-EFDE-4BA7-8F91-DC9B4F548A20}.Debug|Any CPU.ActiveCfg = Debug|Any CPU
		{741BC9A8-EFDE-4BA7-8F91-DC9B4F548A20}.Debug|Any CPU.Build.0 = Debug|Any CPU
		{741BC9A8-EFDE-4BA7-8F91-DC9B4F548A20}.Release|Any CPU.ActiveCfg = Release|Any CPU
		{741BC9A8-EFDE-4BA7-8F91-DC9B4F548A20}.Release|Any CPU.Build.0 = Release|Any CPU
		{46F2513E-B206-4C52-9B90-80FDE26E597E}.Debug|Any CPU.ActiveCfg = Debug|Any CPU
		{46F2513E-B206-4C52-9B90-80FDE26E597E}.Debug|Any CPU.Build.0 = Debug|Any CPU
		{46F2513E-B206-4C52-9B90-80FDE26E597E}.Release|Any CPU.ActiveCfg = Release|Any CPU
		{46F2513E-B206-4C52-9B90-80FDE26E597E}.Release|Any CPU.Build.0 = Release|Any CPU
		{219CBD0A-4F75-4073-966F-16D8902EFECE}.Debug|Any CPU.ActiveCfg = Debug|Any CPU
		{219CBD0A-4F75-4073-966F-16D8902EFECE}.Debug|Any CPU.Build.0 = Debug|Any CPU
		{219CBD0A-4F75-4073-966F-16D8902EFECE}.Release|Any CPU.ActiveCfg = Release|Any CPU
		{219CBD0A-4F75-4073-966F-16D8902EFECE}.Release|Any CPU.Build.0 = Release|Any CPU
		{FAC1CAC5-B685-4854-A31D-B563CD419BB7}.Debug|Any CPU.ActiveCfg = Debug|Any CPU
		{FAC1CAC5-B685-4854-A31D-B563CD419BB7}.Debug|Any CPU.Build.0 = Debug|Any CPU
		{FAC1CAC5-B685-4854-A31D-B563CD419BB7}.Release|Any CPU.ActiveCfg = Release|Any CPU
		{FAC1CAC5-B685-4854-A31D-B563CD419BB7}.Release|Any CPU.Build.0 = Release|Any CPU
	EndGlobalSection
	GlobalSection(SolutionProperties) = preSolution
		HideSolutionNode = FALSE
	EndGlobalSection
EndGlobal
