
Microsoft Visual Studio Solution File, Format Version 10.00
# Visual Studio 2008
Project("{FAE04EC0-301F-11D3-BF4B-00C04F79EFBC}") = "Multitouch.Framework", "Framework\Multitouch.Framework\Multitouch.Framework.csproj", "{F78A290F-5D34-4D20-9EAA-D4963BCA09AA}"
EndProject
Project("{FAE04EC0-301F-11D3-BF4B-00C04F79EFBC}") = "TestApplication", "Framework\TestApplication\TestApplication.csproj", "{D6ABD24D-C8BA-4C0C-8F5D-EFD7289C62F4}"
EndProject
Project("{FAE04EC0-301F-11D3-BF4B-00C04F79EFBC}") = "Multitouch.Framework.WPF", "Framework\Multitouch.Framework.WPF\Multitouch.Framework.WPF.csproj", "{F3219531-A4B9-4B65-B7EA-27C43E98C21D}"
EndProject
Project("{FAE04EC0-301F-11D3-BF4B-00C04F79EFBC}") = "TestConsoleApplication", "Framework\TestConsoleApplication\TestConsoleApplication.csproj", "{2A0BB11F-EF10-499F-A314-BE4D75B447BB}"
EndProject
Project("{FAE04EC0-301F-11D3-BF4B-00C04F79EFBC}") = "Libraries", "Libraries\Libraries.csproj", "{11B2B8CF-48A7-4A68-A1F4-40FA01EBDA55}"
EndProject
Project("{FAE04EC0-301F-11D3-BF4B-00C04F79EFBC}") = "Multitouch.Framework.WPF.Tests", "Framework\Multitouch.Framework.WPF.Tests\Multitouch.Framework.WPF.Tests.csproj", "{ABCADFE4-A9AB-444F-9FFF-9860E25E29A9}"
EndProject
Project("{2150E333-8FDC-42A3-9474-1A3956D46DE8}") = "Solution Items", "Solution Items", "{C65D83C8-A673-4955-9529-E7E25AF25297}"
	ProjectSection(SolutionItems) = preProject
		LocalTestRun.testrunconfig = LocalTestRun.testrunconfig
		Multitouch.Framework.vsmdi = Multitouch.Framework.vsmdi
	EndProjectSection
EndProject
Global
	GlobalSection(TeamFoundationVersionControl) = preSolution
		SccNumberOfProjects = 7
		SccEnterpriseProvider = {4CA58AB2-18FA-4F8D-95D4-32DDF27D184C}
		SccTeamFoundationServer = https://tfs06.codeplex.com/
		SccLocalPath0 = .
		SccProjectUniqueName1 = Framework\\Multitouch.Framework.WPF\\Multitouch.Framework.WPF.csproj
		SccProjectName1 = Framework/Multitouch.Framework.WPF
		SccLocalPath1 = Framework\\Multitouch.Framework.WPF
		SccProjectUniqueName2 = Framework\\Multitouch.Framework\\Multitouch.Framework.csproj
		SccProjectName2 = Framework/Multitouch.Framework
		SccLocalPath2 = Framework\\Multitouch.Framework
		SccProjectUniqueName3 = Framework\\TestApplication\\TestApplication.csproj
		SccProjectName3 = Framework/TestApplication
		SccLocalPath3 = Framework\\TestApplication
		SccProjectUniqueName4 = Framework\\TestConsoleApplication\\TestConsoleApplication.csproj
		SccProjectName4 = Framework/TestConsoleApplication
		SccLocalPath4 = Framework\\TestConsoleApplication
		SccProjectUniqueName5 = Libraries\\Libraries.csproj
		SccProjectName5 = Libraries
		SccLocalPath5 = Libraries
		SccProjectUniqueName6 = Framework\\Multitouch.Framework.WPF.Tests\\Multitouch.Framework.WPF.Tests.csproj
		SccProjectName6 = Framework/Multitouch.Framework.WPF.Tests
		SccLocalPath6 = Framework\\Multitouch.Framework.WPF.Tests
	EndGlobalSection
	GlobalSection(TestCaseManagementSettings) = postSolution
		CategoryFile = Multitouch.Framework.vsmdi
	EndGlobalSection
	GlobalSection(SolutionConfigurationPlatforms) = preSolution
		Debug|Any CPU = Debug|Any CPU
		Release|Any CPU = Release|Any CPU
	EndGlobalSection
	GlobalSection(ProjectConfigurationPlatforms) = postSolution
		{F78A290F-5D34-4D20-9EAA-D4963BCA09AA}.Debug|Any CPU.ActiveCfg = Debug|Any CPU
		{F78A290F-5D34-4D20-9EAA-D4963BCA09AA}.Debug|Any CPU.Build.0 = Debug|Any CPU
		{F78A290F-5D34-4D20-9EAA-D4963BCA09AA}.Release|Any CPU.ActiveCfg = Release|Any CPU
		{F78A290F-5D34-4D20-9EAA-D4963BCA09AA}.Release|Any CPU.Build.0 = Release|Any CPU
		{D6ABD24D-C8BA-4C0C-8F5D-EFD7289C62F4}.Debug|Any CPU.ActiveCfg = Debug|Any CPU
		{D6ABD24D-C8BA-4C0C-8F5D-EFD7289C62F4}.Debug|Any CPU.Build.0 = Debug|Any CPU
		{D6ABD24D-C8BA-4C0C-8F5D-EFD7289C62F4}.Release|Any CPU.ActiveCfg = Release|Any CPU
		{D6ABD24D-C8BA-4C0C-8F5D-EFD7289C62F4}.Release|Any CPU.Build.0 = Release|Any CPU
		{F3219531-A4B9-4B65-B7EA-27C43E98C21D}.Debug|Any CPU.ActiveCfg = Debug|Any CPU
		{F3219531-A4B9-4B65-B7EA-27C43E98C21D}.Debug|Any CPU.Build.0 = Debug|Any CPU
		{F3219531-A4B9-4B65-B7EA-27C43E98C21D}.Release|Any CPU.ActiveCfg = Release|Any CPU
		{F3219531-A4B9-4B65-B7EA-27C43E98C21D}.Release|Any CPU.Build.0 = Release|Any CPU
		{2A0BB11F-EF10-499F-A314-BE4D75B447BB}.Debug|Any CPU.ActiveCfg = Debug|Any CPU
		{2A0BB11F-EF10-499F-A314-BE4D75B447BB}.Debug|Any CPU.Build.0 = Debug|Any CPU
		{2A0BB11F-EF10-499F-A314-BE4D75B447BB}.Release|Any CPU.ActiveCfg = Release|Any CPU
		{2A0BB11F-EF10-499F-A314-BE4D75B447BB}.Release|Any CPU.Build.0 = Release|Any CPU
		{11B2B8CF-48A7-4A68-A1F4-40FA01EBDA55}.Debug|Any CPU.ActiveCfg = Debug|Any CPU
		{11B2B8CF-48A7-4A68-A1F4-40FA01EBDA55}.Debug|Any CPU.Build.0 = Debug|Any CPU
		{11B2B8CF-48A7-4A68-A1F4-40FA01EBDA55}.Release|Any CPU.ActiveCfg = Release|Any CPU
		{11B2B8CF-48A7-4A68-A1F4-40FA01EBDA55}.Release|Any CPU.Build.0 = Release|Any CPU
		{ABCADFE4-A9AB-444F-9FFF-9860E25E29A9}.Debug|Any CPU.ActiveCfg = Debug|Any CPU
		{ABCADFE4-A9AB-444F-9FFF-9860E25E29A9}.Debug|Any CPU.Build.0 = Debug|Any CPU
		{ABCADFE4-A9AB-444F-9FFF-9860E25E29A9}.Release|Any CPU.ActiveCfg = Release|Any CPU
		{ABCADFE4-A9AB-444F-9FFF-9860E25E29A9}.Release|Any CPU.Build.0 = Release|Any CPU
	EndGlobalSection
	GlobalSection(SolutionProperties) = preSolution
		HideSolutionNode = FALSE
	EndGlobalSection
EndGlobal
