
Microsoft Visual Studio Solution File, Format Version 10.00
# Visual Studio 2008
Project("{FAE04EC0-301F-11D3-BF4B-00C04F79EFBC}") = "MultipleMice", "InputProviders\MultipleMice\MultipleMice.csproj", "{9744E608-DF4D-4DE7-AAC1-3A53EF9D41FB}"
EndProject
Project("{FAE04EC0-301F-11D3-BF4B-00C04F79EFBC}") = "TuioProvider", "InputProviders\TuioProvider\TuioProvider.csproj", "{CA2F4CDB-9DB6-4901-9ECB-B81516DB313A}"
EndProject
Project("{8BC9CEB8-8B4A-11D0-8D11-00A0C91BC942}") = "TouchLibProvider", "InputProviders\TouchLibProvider\TouchLibProvider.vcproj", "{26F3FE35-0609-4732-9C90-EA19ACCEF139}"
EndProject
Project("{FAE04EC0-301F-11D3-BF4B-00C04F79EFBC}") = "Libraries", "Libraries\Libraries.csproj", "{11B2B8CF-48A7-4A68-A1F4-40FA01EBDA55}"
EndProject
Project("{FAE04EC0-301F-11D3-BF4B-00C04F79EFBC}") = "Multitouch.Contracts", "Multitouch.Contracts\Multitouch.Contracts.csproj", "{741BC9A8-EFDE-4BA7-8F91-DC9B4F548A20}"
EndProject
Global
	GlobalSection(TeamFoundationVersionControl) = preSolution
		SccNumberOfProjects = 6
		SccEnterpriseProvider = {4CA58AB2-18FA-4F8D-95D4-32DDF27D184C}
		SccTeamFoundationServer = https://tfs06.codeplex.com/
		SccLocalPath0 = .
		SccProjectUniqueName1 = InputProviders\\MultipleMice\\MultipleMice.csproj
		SccProjectName1 = InputProviders/MultipleMice
		SccLocalPath1 = InputProviders\\MultipleMice
		SccProjectUniqueName2 = InputProviders\\TuioProvider\\TuioProvider.csproj
		SccProjectName2 = InputProviders/TuioProvider
		SccLocalPath2 = InputProviders\\TuioProvider
		SccProjectUniqueName3 = InputProviders\\TouchLibProvider\\TouchLibProvider.vcproj
		SccProjectName3 = InputProviders/TouchLibProvider
		SccLocalPath3 = InputProviders\\TouchLibProvider
		SccProjectUniqueName4 = Libraries\\Libraries.csproj
		SccProjectName4 = Libraries
		SccLocalPath4 = Libraries
		SccProjectUniqueName5 = Multitouch.Contracts\\Multitouch.Contracts.csproj
		SccProjectName5 = Multitouch.Contracts
		SccLocalPath5 = Multitouch.Contracts
	EndGlobalSection
	GlobalSection(SolutionConfigurationPlatforms) = preSolution
		Debug with TouchLibProvider|Any CPU = Debug with TouchLibProvider|Any CPU
		Debug with TouchLibProvider|Win32 = Debug with TouchLibProvider|Win32
		Debug|Any CPU = Debug|Any CPU
		Debug|Win32 = Debug|Win32
		Release|Any CPU = Release|Any CPU
		Release|Win32 = Release|Win32
	EndGlobalSection
	GlobalSection(ProjectConfigurationPlatforms) = postSolution
		{9744E608-DF4D-4DE7-AAC1-3A53EF9D41FB}.Debug with TouchLibProvider|Any CPU.ActiveCfg = Debug|Any CPU
		{9744E608-DF4D-4DE7-AAC1-3A53EF9D41FB}.Debug with TouchLibProvider|Any CPU.Build.0 = Debug|Any CPU
		{9744E608-DF4D-4DE7-AAC1-3A53EF9D41FB}.Debug with TouchLibProvider|Win32.ActiveCfg = Debug|Any CPU
		{9744E608-DF4D-4DE7-AAC1-3A53EF9D41FB}.Debug with TouchLibProvider|Win32.Build.0 = Debug|Any CPU
		{9744E608-DF4D-4DE7-AAC1-3A53EF9D41FB}.Debug|Any CPU.ActiveCfg = Debug|Any CPU
		{9744E608-DF4D-4DE7-AAC1-3A53EF9D41FB}.Debug|Any CPU.Build.0 = Debug|Any CPU
		{9744E608-DF4D-4DE7-AAC1-3A53EF9D41FB}.Debug|Win32.ActiveCfg = Debug|Any CPU
		{9744E608-DF4D-4DE7-AAC1-3A53EF9D41FB}.Debug|Win32.Build.0 = Debug|Any CPU
		{9744E608-DF4D-4DE7-AAC1-3A53EF9D41FB}.Release|Any CPU.ActiveCfg = Release|Any CPU
		{9744E608-DF4D-4DE7-AAC1-3A53EF9D41FB}.Release|Any CPU.Build.0 = Release|Any CPU
		{9744E608-DF4D-4DE7-AAC1-3A53EF9D41FB}.Release|Win32.ActiveCfg = Release|Any CPU
		{9744E608-DF4D-4DE7-AAC1-3A53EF9D41FB}.Release|Win32.Build.0 = Release|Any CPU
		{CA2F4CDB-9DB6-4901-9ECB-B81516DB313A}.Debug with TouchLibProvider|Any CPU.ActiveCfg = Debug|Any CPU
		{CA2F4CDB-9DB6-4901-9ECB-B81516DB313A}.Debug with TouchLibProvider|Any CPU.Build.0 = Debug|Any CPU
		{CA2F4CDB-9DB6-4901-9ECB-B81516DB313A}.Debug with TouchLibProvider|Win32.ActiveCfg = Debug|Any CPU
		{CA2F4CDB-9DB6-4901-9ECB-B81516DB313A}.Debug|Any CPU.ActiveCfg = Debug|Any CPU
		{CA2F4CDB-9DB6-4901-9ECB-B81516DB313A}.Debug|Any CPU.Build.0 = Debug|Any CPU
		{CA2F4CDB-9DB6-4901-9ECB-B81516DB313A}.Debug|Win32.ActiveCfg = Debug|Any CPU
		{CA2F4CDB-9DB6-4901-9ECB-B81516DB313A}.Debug|Win32.Build.0 = Debug|Any CPU
		{CA2F4CDB-9DB6-4901-9ECB-B81516DB313A}.Release|Any CPU.ActiveCfg = Release|Any CPU
		{CA2F4CDB-9DB6-4901-9ECB-B81516DB313A}.Release|Any CPU.Build.0 = Release|Any CPU
		{CA2F4CDB-9DB6-4901-9ECB-B81516DB313A}.Release|Win32.ActiveCfg = Release|Any CPU
		{CA2F4CDB-9DB6-4901-9ECB-B81516DB313A}.Release|Win32.Build.0 = Release|Any CPU
		{26F3FE35-0609-4732-9C90-EA19ACCEF139}.Debug with TouchLibProvider|Any CPU.ActiveCfg = Debug|Win32
		{26F3FE35-0609-4732-9C90-EA19ACCEF139}.Debug with TouchLibProvider|Win32.ActiveCfg = Debug|Win32
		{26F3FE35-0609-4732-9C90-EA19ACCEF139}.Debug with TouchLibProvider|Win32.Build.0 = Debug|Win32
		{26F3FE35-0609-4732-9C90-EA19ACCEF139}.Debug|Any CPU.ActiveCfg = Debug|Win32
		{26F3FE35-0609-4732-9C90-EA19ACCEF139}.Debug|Win32.ActiveCfg = Debug|Win32
		{26F3FE35-0609-4732-9C90-EA19ACCEF139}.Debug|Win32.Build.0 = Debug|Win32
		{26F3FE35-0609-4732-9C90-EA19ACCEF139}.Release|Any CPU.ActiveCfg = Release|Win32
		{26F3FE35-0609-4732-9C90-EA19ACCEF139}.Release|Win32.ActiveCfg = Release|Win32
		{26F3FE35-0609-4732-9C90-EA19ACCEF139}.Release|Win32.Build.0 = Release|Win32
		{11B2B8CF-48A7-4A68-A1F4-40FA01EBDA55}.Debug with TouchLibProvider|Any CPU.ActiveCfg = Debug|Any CPU
		{11B2B8CF-48A7-4A68-A1F4-40FA01EBDA55}.Debug with TouchLibProvider|Win32.ActiveCfg = Debug|Any CPU
		{11B2B8CF-48A7-4A68-A1F4-40FA01EBDA55}.Debug|Any CPU.ActiveCfg = Debug|Any CPU
		{11B2B8CF-48A7-4A68-A1F4-40FA01EBDA55}.Debug|Win32.ActiveCfg = Debug|Any CPU
		{11B2B8CF-48A7-4A68-A1F4-40FA01EBDA55}.Release|Any CPU.ActiveCfg = Release|Any CPU
		{11B2B8CF-48A7-4A68-A1F4-40FA01EBDA55}.Release|Win32.ActiveCfg = Release|Any CPU
		{741BC9A8-EFDE-4BA7-8F91-DC9B4F548A20}.Debug with TouchLibProvider|Any CPU.ActiveCfg = Debug|Any CPU
		{741BC9A8-EFDE-4BA7-8F91-DC9B4F548A20}.Debug with TouchLibProvider|Any CPU.Build.0 = Debug|Any CPU
		{741BC9A8-EFDE-4BA7-8F91-DC9B4F548A20}.Debug with TouchLibProvider|Win32.ActiveCfg = Debug|Any CPU
		{741BC9A8-EFDE-4BA7-8F91-DC9B4F548A20}.Debug with TouchLibProvider|Win32.Build.0 = Debug|Any CPU
		{741BC9A8-EFDE-4BA7-8F91-DC9B4F548A20}.Debug|Any CPU.ActiveCfg = Debug|Any CPU
		{741BC9A8-EFDE-4BA7-8F91-DC9B4F548A20}.Debug|Any CPU.Build.0 = Debug|Any CPU
		{741BC9A8-EFDE-4BA7-8F91-DC9B4F548A20}.Debug|Win32.ActiveCfg = Debug|Any CPU
		{741BC9A8-EFDE-4BA7-8F91-DC9B4F548A20}.Debug|Win32.Build.0 = Debug|Any CPU
		{741BC9A8-EFDE-4BA7-8F91-DC9B4F548A20}.Release|Any CPU.ActiveCfg = Release|Any CPU
		{741BC9A8-EFDE-4BA7-8F91-DC9B4F548A20}.Release|Any CPU.Build.0 = Release|Any CPU
		{741BC9A8-EFDE-4BA7-8F91-DC9B4F548A20}.Release|Win32.ActiveCfg = Release|Any CPU
		{741BC9A8-EFDE-4BA7-8F91-DC9B4F548A20}.Release|Win32.Build.0 = Release|Any CPU
	EndGlobalSection
	GlobalSection(SolutionProperties) = preSolution
		HideSolutionNode = FALSE
	EndGlobalSection
EndGlobal
