
Microsoft Visual Studio Solution File, Format Version 10.00
# Visual Studio 2008
Project("{FAE04EC0-301F-11D3-BF4B-00C04F79EFBC}") = "Multitouch.Service", "Multitouch.Service\Multitouch.Service.csproj", "{DA05C208-0357-4E76-B256-D55511BC48BC}"
EndProject
Project("{FAE04EC0-301F-11D3-BF4B-00C04F79EFBC}") = "Multitouch.Service.Logic", "Multitouch.Service.Logic\Multitouch.Service.Logic.csproj", "{1720CC0B-4411-4FE5-A51C-D539BB19AC54}"
EndProject
Project("{FAE04EC0-301F-11D3-BF4B-00C04F79EFBC}") = "Multitouch.Service.Console", "Multitouch.Service.Console\Multitouch.Service.Console.csproj", "{094B04DC-3833-4CC1-8161-D9BD26616D57}"
EndProject
Global
	GlobalSection(TeamFoundationVersionControl) = preSolution
		SccNumberOfProjects = 4
		SccEnterpriseProvider = {4CA58AB2-18FA-4F8D-95D4-32DDF27D184C}
		SccTeamFoundationServer = https://tfs06.codeplex.com/
		SccLocalPath0 = .
		SccProjectUniqueName1 = Multitouch.Service\\Multitouch.Service.csproj
		SccProjectName1 = Multitouch.Service
		SccLocalPath1 = Multitouch.Service
		SccProjectUniqueName2 = Multitouch.Service.Logic\\Multitouch.Service.Logic.csproj
		SccProjectName2 = Multitouch.Service.Logic
		SccLocalPath2 = Multitouch.Service.Logic
		SccProjectUniqueName3 = Multitouch.Service.Console\\Multitouch.Service.Console.csproj
		SccProjectName3 = Multitouch.Service.Console
		SccLocalPath3 = Multitouch.Service.Console
	EndGlobalSection
	GlobalSection(SolutionConfigurationPlatforms) = preSolution
		Debug with DWMaxx|Any CPU = Debug with DWMaxx|Any CPU
		Debug|Any CPU = Debug|Any CPU
		Release|Any CPU = Release|Any CPU
	EndGlobalSection
	GlobalSection(ProjectConfigurationPlatforms) = postSolution
		{DA05C208-0357-4E76-B256-D55511BC48BC}.Debug with DWMaxx|Any CPU.ActiveCfg = Debug|Any CPU
		{DA05C208-0357-4E76-B256-D55511BC48BC}.Debug with DWMaxx|Any CPU.Build.0 = Debug|Any CPU
		{DA05C208-0357-4E76-B256-D55511BC48BC}.Debug|Any CPU.ActiveCfg = Debug|Any CPU
		{DA05C208-0357-4E76-B256-D55511BC48BC}.Debug|Any CPU.Build.0 = Debug|Any CPU
		{DA05C208-0357-4E76-B256-D55511BC48BC}.Release|Any CPU.ActiveCfg = Release|Any CPU
		{DA05C208-0357-4E76-B256-D55511BC48BC}.Release|Any CPU.Build.0 = Release|Any CPU
		{1720CC0B-4411-4FE5-A51C-D539BB19AC54}.Debug with DWMaxx|Any CPU.ActiveCfg = Debug|Any CPU
		{1720CC0B-4411-4FE5-A51C-D539BB19AC54}.Debug with DWMaxx|Any CPU.Build.0 = Debug|Any CPU
		{1720CC0B-4411-4FE5-A51C-D539BB19AC54}.Debug|Any CPU.ActiveCfg = Debug|Any CPU
		{1720CC0B-4411-4FE5-A51C-D539BB19AC54}.Debug|Any CPU.Build.0 = Debug|Any CPU
		{1720CC0B-4411-4FE5-A51C-D539BB19AC54}.Release|Any CPU.ActiveCfg = Release|Any CPU
		{1720CC0B-4411-4FE5-A51C-D539BB19AC54}.Release|Any CPU.Build.0 = Release|Any CPU
		{094B04DC-3833-4CC1-8161-D9BD26616D57}.Debug with DWMaxx|Any CPU.ActiveCfg = Debug|Any CPU
		{094B04DC-3833-4CC1-8161-D9BD26616D57}.Debug with DWMaxx|Any CPU.Build.0 = Debug|Any CPU
		{094B04DC-3833-4CC1-8161-D9BD26616D57}.Debug|Any CPU.ActiveCfg = Debug|Any CPU
		{094B04DC-3833-4CC1-8161-D9BD26616D57}.Debug|Any CPU.Build.0 = Debug|Any CPU
		{094B04DC-3833-4CC1-8161-D9BD26616D57}.Release|Any CPU.ActiveCfg = Release|Any CPU
		{094B04DC-3833-4CC1-8161-D9BD26616D57}.Release|Any CPU.Build.0 = Release|Any CPU
	EndGlobalSection
	GlobalSection(SolutionProperties) = preSolution
		HideSolutionNode = FALSE
	EndGlobalSection
EndGlobal
