
Microsoft Visual Studio Solution File, Format Version 10.00
# Visual Studio 2008
Project("{FAE04EC0-301F-11D3-BF4B-00C04F79EFBC}") = "MultipleMice", "InputProviders\MultipleMice\MultipleMice.csproj", "{9744E608-DF4D-4DE7-AAC1-3A53EF9D41FB}"
EndProject
Project("{FAE04EC0-301F-11D3-BF4B-00C04F79EFBC}") = "TouchLib", "InputProviders\TouchLib\TouchLib.csproj", "{A3B55852-4050-41D5-BBBC-451D0C27E2F6}"
EndProject
Global
	GlobalSection(TeamFoundationVersionControl) = preSolution
		SccNumberOfProjects = 3
		SccEnterpriseProvider = {4CA58AB2-18FA-4F8D-95D4-32DDF27D184C}
		SccTeamFoundationServer = https://tfs06.codeplex.com/
		SccLocalPath0 = .
		SccProjectUniqueName1 = InputProviders\\MultipleMice\\MultipleMice.csproj
		SccProjectName1 = InputProviders/MultipleMice
		SccLocalPath1 = InputProviders\\MultipleMice
		SccProjectUniqueName2 = InputProviders\\TouchLib\\TouchLib.csproj
		SccProjectName2 = InputProviders/TouchLib
		SccLocalPath2 = InputProviders\\TouchLib
	EndGlobalSection
	GlobalSection(SolutionConfigurationPlatforms) = preSolution
		Debug|Any CPU = Debug|Any CPU
		Release|Any CPU = Release|Any CPU
	EndGlobalSection
	GlobalSection(ProjectConfigurationPlatforms) = postSolution
		{9744E608-DF4D-4DE7-AAC1-3A53EF9D41FB}.Debug|Any CPU.ActiveCfg = Debug|Any CPU
		{9744E608-DF4D-4DE7-AAC1-3A53EF9D41FB}.Debug|Any CPU.Build.0 = Debug|Any CPU
		{9744E608-DF4D-4DE7-AAC1-3A53EF9D41FB}.Release|Any CPU.ActiveCfg = Release|Any CPU
		{9744E608-DF4D-4DE7-AAC1-3A53EF9D41FB}.Release|Any CPU.Build.0 = Release|Any CPU
		{A3B55852-4050-41D5-BBBC-451D0C27E2F6}.Debug|Any CPU.ActiveCfg = Debug|Any CPU
		{A3B55852-4050-41D5-BBBC-451D0C27E2F6}.Debug|Any CPU.Build.0 = Debug|Any CPU
		{A3B55852-4050-41D5-BBBC-451D0C27E2F6}.Release|Any CPU.ActiveCfg = Release|Any CPU
		{A3B55852-4050-41D5-BBBC-451D0C27E2F6}.Release|Any CPU.Build.0 = Release|Any CPU
	EndGlobalSection
	GlobalSection(SolutionProperties) = preSolution
		HideSolutionNode = FALSE
	EndGlobalSection
EndGlobal
