
Microsoft Visual Studio Solution File, Format Version 10.00
# Visual Studio 2008
Project("{2150E333-8FDC-42A3-9474-1A3956D46DE8}") = "AddIns", "AddIns", "{0D9521F7-3C05-400F-85C6-DCEB614083D1}"
EndProject
Project("{FAE04EC0-301F-11D3-BF4B-00C04F79EFBC}") = "ApplicationSelector", "Multitouch.Service.AddIns\ApplicationSelector\ApplicationSelector.csproj", "{9850B707-63EA-4944-9C7F-F4E2F6BCB2E6}"
EndProject
Project("{FAE04EC0-301F-11D3-BF4B-00C04F79EFBC}") = "Multitouch.Service", "Multitouch.Service\Multitouch.Service.csproj", "{DA05C208-0357-4E76-B256-D55511BC48BC}"
EndProject
Global
	GlobalSection(TeamFoundationVersionControl) = preSolution
		SccNumberOfProjects = 2
		SccEnterpriseProvider = {4CA58AB2-18FA-4F8D-95D4-32DDF27D184C}
		SccTeamFoundationServer = https://tfs06.codeplex.com/
		SccLocalPath0 = .
		SccProjectUniqueName1 = Multitouch.Service.AddIns\\ApplicationSelector\\ApplicationSelector.csproj
		SccProjectTopLevelParentUniqueName1 = Multitouch.Service.sln
		SccProjectName1 = Multitouch.Service.AddIns/ApplicationSelector
		SccLocalPath1 = Multitouch.Service.AddIns\\ApplicationSelector
	EndGlobalSection
	GlobalSection(SolutionConfigurationPlatforms) = preSolution
		Debug|Any CPU = Debug|Any CPU
		Release|Any CPU = Release|Any CPU
	EndGlobalSection
	GlobalSection(ProjectConfigurationPlatforms) = postSolution
		{9850B707-63EA-4944-9C7F-F4E2F6BCB2E6}.Debug|Any CPU.ActiveCfg = Debug|Any CPU
		{9850B707-63EA-4944-9C7F-F4E2F6BCB2E6}.Debug|Any CPU.Build.0 = Debug|Any CPU
		{9850B707-63EA-4944-9C7F-F4E2F6BCB2E6}.Release|Any CPU.ActiveCfg = Release|Any CPU
		{9850B707-63EA-4944-9C7F-F4E2F6BCB2E6}.Release|Any CPU.Build.0 = Release|Any CPU
		{DA05C208-0357-4E76-B256-D55511BC48BC}.Debug|Any CPU.ActiveCfg = Debug|Any CPU
		{DA05C208-0357-4E76-B256-D55511BC48BC}.Debug|Any CPU.Build.0 = Debug|Any CPU
		{DA05C208-0357-4E76-B256-D55511BC48BC}.Release|Any CPU.ActiveCfg = Release|Any CPU
		{DA05C208-0357-4E76-B256-D55511BC48BC}.Release|Any CPU.Build.0 = Release|Any CPU
	EndGlobalSection
	GlobalSection(SolutionProperties) = preSolution
		HideSolutionNode = FALSE
	EndGlobalSection
	GlobalSection(NestedProjects) = preSolution
		{9850B707-63EA-4944-9C7F-F4E2F6BCB2E6} = {0D9521F7-3C05-400F-85C6-DCEB614083D1}
	EndGlobalSection
EndGlobal
