
Microsoft Visual Studio Solution File, Format Version 10.00
# Visual Studio 2008
Project("{FAE04EC0-301F-11D3-BF4B-00C04F79EFBC}") = "Multitouch.Configuration", "Configuration\Multitouch.Configuration\Multitouch.Configuration.csproj", "{9B60DB89-E078-4A56-9D10-13308E90EF6D}"
EndProject
Project("{FAE04EC0-301F-11D3-BF4B-00C04F79EFBC}") = "Multitouch.Configuration.WPF", "Configuration\Multitouch.Configuration.WPF\Multitouch.Configuration.WPF.csproj", "{07089C7C-AC71-403B-9492-189F9C1EAF32}"
EndProject
Project("{8BC9CEB8-8B4A-11D0-8D11-00A0C91BC942}") = "Multitouch.Configuration.Resources", "Configuration\Multitouch.Configuration.Resources\Multitouch.Configuration.Resources.vcproj", "{EA73BF50-359E-4589-9CB7-70526F698208}"
EndProject
Project("{FAE04EC0-301F-11D3-BF4B-00C04F79EFBC}") = "Libraries", "Libraries\Libraries.csproj", "{11B2B8CF-48A7-4A68-A1F4-40FA01EBDA55}"
EndProject
Global
	GlobalSection(TeamFoundationVersionControl) = preSolution
		SccNumberOfProjects = 5
		SccEnterpriseProvider = {4CA58AB2-18FA-4F8D-95D4-32DDF27D184C}
		SccTeamFoundationServer = https://tfs06.codeplex.com/
		SccLocalPath0 = .
		SccProjectUniqueName1 = Configuration\\Multitouch.Configuration\\Multitouch.Configuration.csproj
		SccProjectName1 = Configuration/Multitouch.Configuration
		SccLocalPath1 = Configuration\\Multitouch.Configuration
		SccProjectUniqueName2 = Configuration\\Multitouch.Configuration.WPF\\Multitouch.Configuration.WPF.csproj
		SccProjectName2 = Configuration/Multitouch.Configuration.WPF
		SccLocalPath2 = Configuration\\Multitouch.Configuration.WPF
		SccProjectUniqueName3 = Configuration\\Multitouch.Configuration.Resources\\Multitouch.Configuration.Resources.vcproj
		SccProjectName3 = Configuration/Multitouch.Configuration.Resources
		SccLocalPath3 = Configuration\\Multitouch.Configuration.Resources
		SccProjectUniqueName4 = Libraries\\Libraries.csproj
		SccProjectName4 = Libraries
		SccLocalPath4 = Libraries
	EndGlobalSection
	GlobalSection(SolutionConfigurationPlatforms) = preSolution
		Debug|Any CPU = Debug|Any CPU
		Debug|Mixed Platforms = Debug|Mixed Platforms
		Debug|Win32 = Debug|Win32
		Release|Any CPU = Release|Any CPU
		Release|Mixed Platforms = Release|Mixed Platforms
		Release|Win32 = Release|Win32
	EndGlobalSection
	GlobalSection(ProjectConfigurationPlatforms) = postSolution
		{9B60DB89-E078-4A56-9D10-13308E90EF6D}.Debug|Any CPU.ActiveCfg = Debug|Any CPU
		{9B60DB89-E078-4A56-9D10-13308E90EF6D}.Debug|Any CPU.Build.0 = Debug|Any CPU
		{9B60DB89-E078-4A56-9D10-13308E90EF6D}.Debug|Mixed Platforms.ActiveCfg = Debug|Any CPU
		{9B60DB89-E078-4A56-9D10-13308E90EF6D}.Debug|Mixed Platforms.Build.0 = Debug|Any CPU
		{9B60DB89-E078-4A56-9D10-13308E90EF6D}.Debug|Win32.ActiveCfg = Debug|Any CPU
		{9B60DB89-E078-4A56-9D10-13308E90EF6D}.Release|Any CPU.ActiveCfg = Release|Any CPU
		{9B60DB89-E078-4A56-9D10-13308E90EF6D}.Release|Any CPU.Build.0 = Release|Any CPU
		{9B60DB89-E078-4A56-9D10-13308E90EF6D}.Release|Mixed Platforms.ActiveCfg = Release|Any CPU
		{9B60DB89-E078-4A56-9D10-13308E90EF6D}.Release|Mixed Platforms.Build.0 = Release|Any CPU
		{9B60DB89-E078-4A56-9D10-13308E90EF6D}.Release|Win32.ActiveCfg = Release|Any CPU
		{07089C7C-AC71-403B-9492-189F9C1EAF32}.Debug|Any CPU.ActiveCfg = Debug|Any CPU
		{07089C7C-AC71-403B-9492-189F9C1EAF32}.Debug|Any CPU.Build.0 = Debug|Any CPU
		{07089C7C-AC71-403B-9492-189F9C1EAF32}.Debug|Mixed Platforms.ActiveCfg = Debug|Any CPU
		{07089C7C-AC71-403B-9492-189F9C1EAF32}.Debug|Mixed Platforms.Build.0 = Debug|Any CPU
		{07089C7C-AC71-403B-9492-189F9C1EAF32}.Debug|Win32.ActiveCfg = Debug|Any CPU
		{07089C7C-AC71-403B-9492-189F9C1EAF32}.Release|Any CPU.ActiveCfg = Release|Any CPU
		{07089C7C-AC71-403B-9492-189F9C1EAF32}.Release|Any CPU.Build.0 = Release|Any CPU
		{07089C7C-AC71-403B-9492-189F9C1EAF32}.Release|Mixed Platforms.ActiveCfg = Release|Any CPU
		{07089C7C-AC71-403B-9492-189F9C1EAF32}.Release|Mixed Platforms.Build.0 = Release|Any CPU
		{07089C7C-AC71-403B-9492-189F9C1EAF32}.Release|Win32.ActiveCfg = Release|Any CPU
		{EA73BF50-359E-4589-9CB7-70526F698208}.Debug|Any CPU.ActiveCfg = Debug|Win32
		{EA73BF50-359E-4589-9CB7-70526F698208}.Debug|Mixed Platforms.ActiveCfg = Debug|Win32
		{EA73BF50-359E-4589-9CB7-70526F698208}.Debug|Mixed Platforms.Build.0 = Debug|Win32
		{EA73BF50-359E-4589-9CB7-70526F698208}.Debug|Win32.ActiveCfg = Debug|Win32
		{EA73BF50-359E-4589-9CB7-70526F698208}.Debug|Win32.Build.0 = Debug|Win32
		{EA73BF50-359E-4589-9CB7-70526F698208}.Release|Any CPU.ActiveCfg = Release|Win32
		{EA73BF50-359E-4589-9CB7-70526F698208}.Release|Mixed Platforms.ActiveCfg = Release|Win32
		{EA73BF50-359E-4589-9CB7-70526F698208}.Release|Mixed Platforms.Build.0 = Release|Win32
		{EA73BF50-359E-4589-9CB7-70526F698208}.Release|Win32.ActiveCfg = Release|Win32
		{EA73BF50-359E-4589-9CB7-70526F698208}.Release|Win32.Build.0 = Release|Win32
		{11B2B8CF-48A7-4A68-A1F4-40FA01EBDA55}.Debug|Any CPU.ActiveCfg = Debug|Any CPU
		{11B2B8CF-48A7-4A68-A1F4-40FA01EBDA55}.Debug|Any CPU.Build.0 = Debug|Any CPU
		{11B2B8CF-48A7-4A68-A1F4-40FA01EBDA55}.Debug|Mixed Platforms.ActiveCfg = Debug|Any CPU
		{11B2B8CF-48A7-4A68-A1F4-40FA01EBDA55}.Debug|Win32.ActiveCfg = Debug|Any CPU
		{11B2B8CF-48A7-4A68-A1F4-40FA01EBDA55}.Release|Any CPU.ActiveCfg = Release|Any CPU
		{11B2B8CF-48A7-4A68-A1F4-40FA01EBDA55}.Release|Any CPU.Build.0 = Release|Any CPU
		{11B2B8CF-48A7-4A68-A1F4-40FA01EBDA55}.Release|Mixed Platforms.ActiveCfg = Release|Any CPU
		{11B2B8CF-48A7-4A68-A1F4-40FA01EBDA55}.Release|Win32.ActiveCfg = Release|Any CPU
	EndGlobalSection
	GlobalSection(SolutionProperties) = preSolution
		HideSolutionNode = FALSE
	EndGlobalSection
EndGlobal
