
Microsoft Visual Studio Solution File, Format Version 10.00
# Visual Studio 2008
Project("{FAE04EC0-301F-11D3-BF4B-00C04F79EFBC}") = "Multitouch.Driver.Logic", "Multitouch.Driver\Multitouch.Driver.Logic\Multitouch.Driver.Logic.csproj", "{8597DE3C-7AA0-4183-A8A9-DD28DE5BC6B9}"
EndProject
Project("{FAE04EC0-301F-11D3-BF4B-00C04F79EFBC}") = "Multitouch.Driver.Console", "Multitouch.Driver\Multitouch.Driver.Console\Multitouch.Driver.Console.csproj", "{D8138474-1BDB-44DE-9486-9CF54D711D47}"
EndProject
Project("{FAE04EC0-301F-11D3-BF4B-00C04F79EFBC}") = "Multitouch.Driver.Tests", "Multitouch.Driver\Multitouch.Driver.Tests\Multitouch.Driver.Tests.csproj", "{5CD2E056-21BD-457F-A0DF-77E0B89B0684}"
EndProject
Project("{2150E333-8FDC-42A3-9474-1A3956D46DE8}") = "Solution Items", "Solution Items", "{8965C7AA-81AA-4F3E-A70E-CC0E52DC3984}"
	ProjectSection(SolutionItems) = preProject
		LocalTestRun.testrunconfig = LocalTestRun.testrunconfig
		Multitouch.Driver.vsmdi = Multitouch.Driver.vsmdi
	EndProjectSection
EndProject
Project("{F184B08F-C81C-45F6-A57F-5ABD9991F28F}") = "HIDLibrary", "Libraries\HIDLibrary\HIDLibrary.vbproj", "{E619EB3B-FA9E-43DE-8555-244E20C28E96}"
EndProject
Project("{FAE04EC0-301F-11D3-BF4B-00C04F79EFBC}") = "Multitouch.Driver.Service", "Multitouch.Driver\Multitouch.Driver.Service\Multitouch.Driver.Service.csproj", "{18E78819-C37F-4E5D-B6B4-B114DDA41967}"
EndProject
Project("{FAE04EC0-301F-11D3-BF4B-00C04F79EFBC}") = "Multitouch.Service.Logic", "Multitouch.Service.Logic\Multitouch.Service.Logic.csproj", "{1720CC0B-4411-4FE5-A51C-D539BB19AC54}"
EndProject
Project("{FAE04EC0-301F-11D3-BF4B-00C04F79EFBC}") = "Multitouch.Contracts", "Multitouch.Contracts\Multitouch.Contracts.csproj", "{741BC9A8-EFDE-4BA7-8F91-DC9B4F548A20}"
EndProject
Global
	GlobalSection(TeamFoundationVersionControl) = preSolution
		SccNumberOfProjects = 8
		SccEnterpriseProvider = {4CA58AB2-18FA-4F8D-95D4-32DDF27D184C}
		SccTeamFoundationServer = https://tfs06.codeplex.com/
		SccLocalPath0 = .
		SccProjectUniqueName1 = Multitouch.Driver\\Multitouch.Driver.Console\\Multitouch.Driver.Console.csproj
		SccProjectName1 = Multitouch.Driver/Multitouch.Driver.Console
		SccLocalPath1 = Multitouch.Driver\\Multitouch.Driver.Console
		SccProjectUniqueName2 = Multitouch.Driver\\Multitouch.Driver.Logic\\Multitouch.Driver.Logic.csproj
		SccProjectName2 = Multitouch.Driver/Multitouch.Driver.Logic
		SccLocalPath2 = Multitouch.Driver\\Multitouch.Driver.Logic
		SccProjectUniqueName3 = Multitouch.Driver\\Multitouch.Driver.Tests\\Multitouch.Driver.Tests.csproj
		SccProjectName3 = Multitouch.Driver/Multitouch.Driver.Tests
		SccLocalPath3 = Multitouch.Driver\\Multitouch.Driver.Tests
		SccProjectUniqueName4 = Libraries\\HIDLibrary\\HIDLibrary.vbproj
		SccProjectName4 = Libraries/HIDLibrary
		SccLocalPath4 = Libraries\\HIDLibrary
		SccProjectUniqueName5 = Multitouch.Driver\\Multitouch.Driver.Service\\Multitouch.Driver.Service.csproj
		SccProjectName5 = Multitouch.Driver/Multitouch.Driver.Service
		SccLocalPath5 = Multitouch.Driver\\Multitouch.Driver.Service
		SccProjectUniqueName6 = Multitouch.Service.Logic\\Multitouch.Service.Logic.csproj
		SccProjectName6 = Multitouch.Service.Logic
		SccLocalPath6 = Multitouch.Service.Logic
		SccProjectUniqueName7 = Multitouch.Contracts\\Multitouch.Contracts.csproj
		SccProjectName7 = Multitouch.Contracts
		SccLocalPath7 = Multitouch.Contracts
	EndGlobalSection
	GlobalSection(TestCaseManagementSettings) = postSolution
		CategoryFile = Multitouch.Driver.vsmdi
	EndGlobalSection
	GlobalSection(SolutionConfigurationPlatforms) = preSolution
		Debug|Any CPU = Debug|Any CPU
		Release|Any CPU = Release|Any CPU
	EndGlobalSection
	GlobalSection(ProjectConfigurationPlatforms) = postSolution
		{8597DE3C-7AA0-4183-A8A9-DD28DE5BC6B9}.Debug|Any CPU.ActiveCfg = Debug|Any CPU
		{8597DE3C-7AA0-4183-A8A9-DD28DE5BC6B9}.Debug|Any CPU.Build.0 = Debug|Any CPU
		{8597DE3C-7AA0-4183-A8A9-DD28DE5BC6B9}.Release|Any CPU.ActiveCfg = Release|Any CPU
		{8597DE3C-7AA0-4183-A8A9-DD28DE5BC6B9}.Release|Any CPU.Build.0 = Release|Any CPU
		{D8138474-1BDB-44DE-9486-9CF54D711D47}.Debug|Any CPU.ActiveCfg = Debug|Any CPU
		{D8138474-1BDB-44DE-9486-9CF54D711D47}.Debug|Any CPU.Build.0 = Debug|Any CPU
		{D8138474-1BDB-44DE-9486-9CF54D711D47}.Release|Any CPU.ActiveCfg = Release|Any CPU
		{D8138474-1BDB-44DE-9486-9CF54D711D47}.Release|Any CPU.Build.0 = Release|Any CPU
		{5CD2E056-21BD-457F-A0DF-77E0B89B0684}.Debug|Any CPU.ActiveCfg = Debug|Any CPU
		{5CD2E056-21BD-457F-A0DF-77E0B89B0684}.Debug|Any CPU.Build.0 = Debug|Any CPU
		{5CD2E056-21BD-457F-A0DF-77E0B89B0684}.Release|Any CPU.ActiveCfg = Release|Any CPU
		{5CD2E056-21BD-457F-A0DF-77E0B89B0684}.Release|Any CPU.Build.0 = Release|Any CPU
		{E619EB3B-FA9E-43DE-8555-244E20C28E96}.Debug|Any CPU.ActiveCfg = Debug|Any CPU
		{E619EB3B-FA9E-43DE-8555-244E20C28E96}.Debug|Any CPU.Build.0 = Debug|Any CPU
		{E619EB3B-FA9E-43DE-8555-244E20C28E96}.Release|Any CPU.ActiveCfg = Release|Any CPU
		{E619EB3B-FA9E-43DE-8555-244E20C28E96}.Release|Any CPU.Build.0 = Release|Any CPU
		{18E78819-C37F-4E5D-B6B4-B114DDA41967}.Debug|Any CPU.ActiveCfg = Debug|Any CPU
		{18E78819-C37F-4E5D-B6B4-B114DDA41967}.Debug|Any CPU.Build.0 = Debug|Any CPU
		{18E78819-C37F-4E5D-B6B4-B114DDA41967}.Release|Any CPU.ActiveCfg = Release|Any CPU
		{18E78819-C37F-4E5D-B6B4-B114DDA41967}.Release|Any CPU.Build.0 = Release|Any CPU
		{1720CC0B-4411-4FE5-A51C-D539BB19AC54}.Debug|Any CPU.ActiveCfg = Debug|Any CPU
		{1720CC0B-4411-4FE5-A51C-D539BB19AC54}.Debug|Any CPU.Build.0 = Debug|Any CPU
		{1720CC0B-4411-4FE5-A51C-D539BB19AC54}.Release|Any CPU.ActiveCfg = Release|Any CPU
		{1720CC0B-4411-4FE5-A51C-D539BB19AC54}.Release|Any CPU.Build.0 = Release|Any CPU
		{741BC9A8-EFDE-4BA7-8F91-DC9B4F548A20}.Debug|Any CPU.ActiveCfg = Debug|Any CPU
		{741BC9A8-EFDE-4BA7-8F91-DC9B4F548A20}.Debug|Any CPU.Build.0 = Debug|Any CPU
		{741BC9A8-EFDE-4BA7-8F91-DC9B4F548A20}.Release|Any CPU.ActiveCfg = Release|Any CPU
		{741BC9A8-EFDE-4BA7-8F91-DC9B4F548A20}.Release|Any CPU.Build.0 = Release|Any CPU
	EndGlobalSection
	GlobalSection(SolutionProperties) = preSolution
		HideSolutionNode = FALSE
	EndGlobalSection
EndGlobal
