
Microsoft Visual Studio Solution File, Format Version 10.00
# Visual Studio 2008
Project("{FAE04EC0-301F-11D3-BF4B-00C04F79EFBC}") = "Multitouch.Service", "Multitouch.Service\Multitouch.Service.csproj", "{1720CC0B-4411-4FE5-A51C-D539BB19AC54}"
EndProject
Global
	GlobalSection(TeamFoundationVersionControl) = preSolution
		SccNumberOfProjects = 2
		SccEnterpriseProvider = {4CA58AB2-18FA-4F8D-95D4-32DDF27D184C}
		SccTeamFoundationServer = https://tfs06.codeplex.com/
		SccLocalPath0 = .
		SccProjectUniqueName1 = Multitouch.Service\\Multitouch.Service.csproj
		SccProjectName1 = Multitouch.Service
		SccLocalPath1 = Multitouch.Service
	EndGlobalSection
	GlobalSection(SolutionConfigurationPlatforms) = preSolution
		Debug|Any CPU = Debug|Any CPU
		Release|Any CPU = Release|Any CPU
	EndGlobalSection
	GlobalSection(ProjectConfigurationPlatforms) = postSolution
		{1720CC0B-4411-4FE5-A51C-D539BB19AC54}.Debug|Any CPU.ActiveCfg = Debug|Any CPU
		{1720CC0B-4411-4FE5-A51C-D539BB19AC54}.Debug|Any CPU.Build.0 = Debug|Any CPU
		{1720CC0B-4411-4FE5-A51C-D539BB19AC54}.Release|Any CPU.ActiveCfg = Release|Any CPU
		{1720CC0B-4411-4FE5-A51C-D539BB19AC54}.Release|Any CPU.Build.0 = Release|Any CPU
	EndGlobalSection
	GlobalSection(SolutionProperties) = preSolution
		HideSolutionNode = FALSE
	EndGlobalSection
EndGlobal
